
Microsoft Visual Studio Solution File, Format Version 12.00
# Visual Studio Version 16
VisualStudioVersion = 16.0.30413.136
MinimumVisualStudioVersion = 10.0.40219.1
Project("{9A19103F-16F7-4668-BE54-9A1E7A4F7556}") = "WebStore", "WebStore\WebStore.csproj", "{80E827E5-4BFD-4BFC-BB48-31645CAA8487}"
EndProject
Project("{FAE04EC0-301F-11D3-BF4B-00C04F79EFBC}") = "WebStore.Domain", "WebStore.Domain\WebStore.Domain.csproj", "{884EFF6F-05A3-4272-86E4-DF563D0E593C}"
EndProject
Global
	GlobalSection(SolutionConfigurationPlatforms) = preSolution
		Debug|Any CPU = Debug|Any CPU
		Release|Any CPU = Release|Any CPU
	EndGlobalSection
	GlobalSection(ProjectConfigurationPlatforms) = postSolution
		{80E827E5-4BFD-4BFC-BB48-31645CAA8487}.Debug|Any CPU.ActiveCfg = Debug|Any CPU
		{80E827E5-4BFD-4BFC-BB48-31645CAA8487}.Debug|Any CPU.Build.0 = Debug|Any CPU
		{80E827E5-4BFD-4BFC-BB48-31645CAA8487}.Release|Any CPU.ActiveCfg = Release|Any CPU
		{80E827E5-4BFD-4BFC-BB48-31645CAA8487}.Release|Any CPU.Build.0 = Release|Any CPU
		{884EFF6F-05A3-4272-86E4-DF563D0E593C}.Debug|Any CPU.ActiveCfg = Debug|Any CPU
		{884EFF6F-05A3-4272-86E4-DF563D0E593C}.Debug|Any CPU.Build.0 = Debug|Any CPU
		{884EFF6F-05A3-4272-86E4-DF563D0E593C}.Release|Any CPU.ActiveCfg = Release|Any CPU
		{884EFF6F-05A3-4272-86E4-DF563D0E593C}.Release|Any CPU.Build.0 = Release|Any CPU
	EndGlobalSection
	GlobalSection(SolutionProperties) = preSolution
		HideSolutionNode = FALSE
	EndGlobalSection
	GlobalSection(ExtensibilityGlobals) = postSolution
		SolutionGuid = {82AA7E31-5A09-4683-B42D-5F3B685C0DDB}
	EndGlobalSection
EndGlobal
