
Microsoft Visual Studio Solution File, Format Version 12.00
# Visual Studio Version 16
VisualStudioVersion = 16.0.30413.136
MinimumVisualStudioVersion = 10.0.40219.1
Project("{2150E333-8FDC-42A3-9474-1A3956D46DE8}") = "Common", "Common", "{66D45242-59BF-476A-B6DD-A08EE51DD700}"
EndProject
Project("{2150E333-8FDC-42A3-9474-1A3956D46DE8}") = "Services", "Services", "{B450EB37-787C-4038-AE79-AAD57FDF76DD}"
EndProject
Project("{2150E333-8FDC-42A3-9474-1A3956D46DE8}") = "UI", "UI", "{809E431D-EB74-4A88-8528-9B3C1DEC3143}"
EndProject
Project("{9A19103F-16F7-4668-BE54-9A1E7A4F7556}") = "WebStore.Domain", "Common\WebStore.Domain\WebStore.Domain.csproj", "{29E41E9B-9D9A-421D-83F0-E137ABDC3390}"
EndProject
Project("{9A19103F-16F7-4668-BE54-9A1E7A4F7556}") = "WebStore.DAL", "Services\WebStore.DAL\WebStore.DAL.csproj", "{02E42019-7F06-4BB2-A6F5-C434BD2DAEDA}"
EndProject
Project("{9A19103F-16F7-4668-BE54-9A1E7A4F7556}") = "WebStore", "UI\WebStore\WebStore.csproj", "{96FE3CF6-41BD-4DF7-93AD-219AE3602C08}"
EndProject
Project("{9A19103F-16F7-4668-BE54-9A1E7A4F7556}") = "WebStore.Interfaces", "Services\WebStore.Interfaces\WebStore.Interfaces.csproj", "{363C1ABA-3383-4253-B4D1-0F6349C170AB}"
EndProject
Project("{9A19103F-16F7-4668-BE54-9A1E7A4F7556}") = "WebStore.Services", "Services\WebStore.Services\WebStore.Services.csproj", "{1E0A24E2-308D-4F33-9D1D-CBFF7FD6F70B}"
EndProject
Project("{FAE04EC0-301F-11D3-BF4B-00C04F79EFBC}") = "WebStore.ServiceHosting", "Services\WebStore.ServiceHosting\WebStore.ServiceHosting.csproj", "{0A54FE93-B27C-424D-A340-7F56864FDB3E}"
EndProject
Global
	GlobalSection(SolutionConfigurationPlatforms) = preSolution
		Debug|Any CPU = Debug|Any CPU
		Release|Any CPU = Release|Any CPU
	EndGlobalSection
	GlobalSection(ProjectConfigurationPlatforms) = postSolution
		{29E41E9B-9D9A-421D-83F0-E137ABDC3390}.Debug|Any CPU.ActiveCfg = Debug|Any CPU
		{29E41E9B-9D9A-421D-83F0-E137ABDC3390}.Debug|Any CPU.Build.0 = Debug|Any CPU
		{29E41E9B-9D9A-421D-83F0-E137ABDC3390}.Release|Any CPU.ActiveCfg = Release|Any CPU
		{29E41E9B-9D9A-421D-83F0-E137ABDC3390}.Release|Any CPU.Build.0 = Release|Any CPU
		{02E42019-7F06-4BB2-A6F5-C434BD2DAEDA}.Debug|Any CPU.ActiveCfg = Debug|Any CPU
		{02E42019-7F06-4BB2-A6F5-C434BD2DAEDA}.Debug|Any CPU.Build.0 = Debug|Any CPU
		{02E42019-7F06-4BB2-A6F5-C434BD2DAEDA}.Release|Any CPU.ActiveCfg = Release|Any CPU
		{02E42019-7F06-4BB2-A6F5-C434BD2DAEDA}.Release|Any CPU.Build.0 = Release|Any CPU
		{96FE3CF6-41BD-4DF7-93AD-219AE3602C08}.Debug|Any CPU.ActiveCfg = Debug|Any CPU
		{96FE3CF6-41BD-4DF7-93AD-219AE3602C08}.Debug|Any CPU.Build.0 = Debug|Any CPU
		{96FE3CF6-41BD-4DF7-93AD-219AE3602C08}.Release|Any CPU.ActiveCfg = Release|Any CPU
		{96FE3CF6-41BD-4DF7-93AD-219AE3602C08}.Release|Any CPU.Build.0 = Release|Any CPU
		{363C1ABA-3383-4253-B4D1-0F6349C170AB}.Debug|Any CPU.ActiveCfg = Debug|Any CPU
		{363C1ABA-3383-4253-B4D1-0F6349C170AB}.Debug|Any CPU.Build.0 = Debug|Any CPU
		{363C1ABA-3383-4253-B4D1-0F6349C170AB}.Release|Any CPU.ActiveCfg = Release|Any CPU
		{363C1ABA-3383-4253-B4D1-0F6349C170AB}.Release|Any CPU.Build.0 = Release|Any CPU
		{1E0A24E2-308D-4F33-9D1D-CBFF7FD6F70B}.Debug|Any CPU.ActiveCfg = Debug|Any CPU
		{1E0A24E2-308D-4F33-9D1D-CBFF7FD6F70B}.Debug|Any CPU.Build.0 = Debug|Any CPU
		{1E0A24E2-308D-4F33-9D1D-CBFF7FD6F70B}.Release|Any CPU.ActiveCfg = Release|Any CPU
		{1E0A24E2-308D-4F33-9D1D-CBFF7FD6F70B}.Release|Any CPU.Build.0 = Release|Any CPU
		{0A54FE93-B27C-424D-A340-7F56864FDB3E}.Debug|Any CPU.ActiveCfg = Debug|Any CPU
		{0A54FE93-B27C-424D-A340-7F56864FDB3E}.Debug|Any CPU.Build.0 = Debug|Any CPU
		{0A54FE93-B27C-424D-A340-7F56864FDB3E}.Release|Any CPU.ActiveCfg = Release|Any CPU
		{0A54FE93-B27C-424D-A340-7F56864FDB3E}.Release|Any CPU.Build.0 = Release|Any CPU
	EndGlobalSection
	GlobalSection(SolutionProperties) = preSolution
		HideSolutionNode = FALSE
	EndGlobalSection
	GlobalSection(NestedProjects) = preSolution
		{29E41E9B-9D9A-421D-83F0-E137ABDC3390} = {66D45242-59BF-476A-B6DD-A08EE51DD700}
		{02E42019-7F06-4BB2-A6F5-C434BD2DAEDA} = {B450EB37-787C-4038-AE79-AAD57FDF76DD}
		{96FE3CF6-41BD-4DF7-93AD-219AE3602C08} = {809E431D-EB74-4A88-8528-9B3C1DEC3143}
		{363C1ABA-3383-4253-B4D1-0F6349C170AB} = {B450EB37-787C-4038-AE79-AAD57FDF76DD}
		{1E0A24E2-308D-4F33-9D1D-CBFF7FD6F70B} = {B450EB37-787C-4038-AE79-AAD57FDF76DD}
		{0A54FE93-B27C-424D-A340-7F56864FDB3E} = {B450EB37-787C-4038-AE79-AAD57FDF76DD}
	EndGlobalSection
	GlobalSection(ExtensibilityGlobals) = postSolution
		SolutionGuid = {82AA7E31-5A09-4683-B42D-5F3B685C0DDB}
	EndGlobalSection
EndGlobal
